
Microsoft Visual Studio Solution File, Format Version 12.00
# Visual Studio Version 17
VisualStudioVersion = 17.3.32819.101
MinimumVisualStudioVersion = 10.0.40219.1
Project("{8BC9CEB8-8B4A-11D0-8D11-00A0C91BC942}") = "lab-1-01", "lab-1-01\lab-1-01.vcxproj", "{224B171A-865E-430A-8052-95EB46156E5D}"
EndProject
Project("{8BC9CEB8-8B4A-11D0-8D11-00A0C91BC942}") = "lab-1-02", "lab-1-02\lab-1-02.vcxproj", "{6B95E8C9-E0F9-4B1D-B5C1-BB919B0B02E0}"
EndProject
Project("{8BC9CEB8-8B4A-11D0-8D11-00A0C91BC942}") = "lab-2", "lab-2\lab-2.vcxproj", "{663F8E59-1846-4161-9FEC-DB15969AB3BE}"
EndProject
Project("{8BC9CEB8-8B4A-11D0-8D11-00A0C91BC942}") = "prac-4-01", "prac-4-01\prac-4-01.vcxproj", "{88BC6066-7913-46A6-AE48-AF8D6F44438E}"
EndProject
Project("{8BC9CEB8-8B4A-11D0-8D11-00A0C91BC942}") = "prac-4-02", "prac-4-02\prac-4-02.vcxproj", "{8034AE46-99F2-48D3-B4E7-618098B5BEFF}"
EndProject
Project("{8BC9CEB8-8B4A-11D0-8D11-00A0C91BC942}") = "prac-4-03", "prac-4-03\prac-4-03.vcxproj", "{5534A6BA-78D1-4076-AF4C-23F4F3E56B3A}"
EndProject
Project("{8BC9CEB8-8B4A-11D0-8D11-00A0C91BC942}") = "prac-4-04", "prac-4-04\prac-4-04.vcxproj", "{1003037E-8EF5-4C7A-8C06-54AB28402CA0}"
EndProject
Project("{8BC9CEB8-8B4A-11D0-8D11-00A0C91BC942}") = "prac-4-05", "prac-4-05\prac-4-05.vcxproj", "{33102994-043C-4D3F-9501-9ADBAC45E6A0}"
EndProject
Project("{8BC9CEB8-8B4A-11D0-8D11-00A0C91BC942}") = "lec-polymorphism", "lec-polymorphism\lec-polymorphism.vcxproj", "{0E3BDDF2-39CD-4EA3-923C-07A514B1DBA9}"
EndProject
Project("{8BC9CEB8-8B4A-11D0-8D11-00A0C91BC942}") = "lec-polymorphism-func", "lec-polymorphism-func\lec-polymorphism-func.vcxproj", "{1C2BD911-5881-4D9D-ADDD-FF652C9B9646}"
EndProject
Global
	GlobalSection(SolutionConfigurationPlatforms) = preSolution
		Debug|x64 = Debug|x64
		Debug|x86 = Debug|x86
		Release|x64 = Release|x64
		Release|x86 = Release|x86
	EndGlobalSection
	GlobalSection(ProjectConfigurationPlatforms) = postSolution
		{224B171A-865E-430A-8052-95EB46156E5D}.Debug|x64.ActiveCfg = Debug|x64
		{224B171A-865E-430A-8052-95EB46156E5D}.Debug|x64.Build.0 = Debug|x64
		{224B171A-865E-430A-8052-95EB46156E5D}.Debug|x86.ActiveCfg = Debug|Win32
		{224B171A-865E-430A-8052-95EB46156E5D}.Debug|x86.Build.0 = Debug|Win32
		{224B171A-865E-430A-8052-95EB46156E5D}.Release|x64.ActiveCfg = Release|x64
		{224B171A-865E-430A-8052-95EB46156E5D}.Release|x64.Build.0 = Release|x64
		{224B171A-865E-430A-8052-95EB46156E5D}.Release|x86.ActiveCfg = Release|Win32
		{224B171A-865E-430A-8052-95EB46156E5D}.Release|x86.Build.0 = Release|Win32
		{6B95E8C9-E0F9-4B1D-B5C1-BB919B0B02E0}.Debug|x64.ActiveCfg = Debug|x64
		{6B95E8C9-E0F9-4B1D-B5C1-BB919B0B02E0}.Debug|x64.Build.0 = Debug|x64
		{6B95E8C9-E0F9-4B1D-B5C1-BB919B0B02E0}.Debug|x86.ActiveCfg = Debug|Win32
		{6B95E8C9-E0F9-4B1D-B5C1-BB919B0B02E0}.Debug|x86.Build.0 = Debug|Win32
		{6B95E8C9-E0F9-4B1D-B5C1-BB919B0B02E0}.Release|x64.ActiveCfg = Release|x64
		{6B95E8C9-E0F9-4B1D-B5C1-BB919B0B02E0}.Release|x64.Build.0 = Release|x64
		{6B95E8C9-E0F9-4B1D-B5C1-BB919B0B02E0}.Release|x86.ActiveCfg = Release|Win32
		{6B95E8C9-E0F9-4B1D-B5C1-BB919B0B02E0}.Release|x86.Build.0 = Release|Win32
		{663F8E59-1846-4161-9FEC-DB15969AB3BE}.Debug|x64.ActiveCfg = Debug|x64
		{663F8E59-1846-4161-9FEC-DB15969AB3BE}.Debug|x64.Build.0 = Debug|x64
		{663F8E59-1846-4161-9FEC-DB15969AB3BE}.Debug|x86.ActiveCfg = Debug|Win32
		{663F8E59-1846-4161-9FEC-DB15969AB3BE}.Debug|x86.Build.0 = Debug|Win32
		{663F8E59-1846-4161-9FEC-DB15969AB3BE}.Release|x64.ActiveCfg = Release|x64
		{663F8E59-1846-4161-9FEC-DB15969AB3BE}.Release|x64.Build.0 = Release|x64
		{663F8E59-1846-4161-9FEC-DB15969AB3BE}.Release|x86.ActiveCfg = Release|Win32
		{663F8E59-1846-4161-9FEC-DB15969AB3BE}.Release|x86.Build.0 = Release|Win32
		{88BC6066-7913-46A6-AE48-AF8D6F44438E}.Debug|x64.ActiveCfg = Debug|x64
		{88BC6066-7913-46A6-AE48-AF8D6F44438E}.Debug|x64.Build.0 = Debug|x64
		{88BC6066-7913-46A6-AE48-AF8D6F44438E}.Debug|x86.ActiveCfg = Debug|Win32
		{88BC6066-7913-46A6-AE48-AF8D6F44438E}.Debug|x86.Build.0 = Debug|Win32
		{88BC6066-7913-46A6-AE48-AF8D6F44438E}.Release|x64.ActiveCfg = Release|x64
		{88BC6066-7913-46A6-AE48-AF8D6F44438E}.Release|x64.Build.0 = Release|x64
		{88BC6066-7913-46A6-AE48-AF8D6F44438E}.Release|x86.ActiveCfg = Release|Win32
		{88BC6066-7913-46A6-AE48-AF8D6F44438E}.Release|x86.Build.0 = Release|Win32
		{8034AE46-99F2-48D3-B4E7-618098B5BEFF}.Debug|x64.ActiveCfg = Debug|x64
		{8034AE46-99F2-48D3-B4E7-618098B5BEFF}.Debug|x64.Build.0 = Debug|x64
		{8034AE46-99F2-48D3-B4E7-618098B5BEFF}.Debug|x86.ActiveCfg = Debug|Win32
		{8034AE46-99F2-48D3-B4E7-618098B5BEFF}.Debug|x86.Build.0 = Debug|Win32
		{8034AE46-99F2-48D3-B4E7-618098B5BEFF}.Release|x64.ActiveCfg = Release|x64
		{8034AE46-99F2-48D3-B4E7-618098B5BEFF}.Release|x64.Build.0 = Release|x64
		{8034AE46-99F2-48D3-B4E7-618098B5BEFF}.Release|x86.ActiveCfg = Release|Win32
		{8034AE46-99F2-48D3-B4E7-618098B5BEFF}.Release|x86.Build.0 = Release|Win32
		{5534A6BA-78D1-4076-AF4C-23F4F3E56B3A}.Debug|x64.ActiveCfg = Debug|x64
		{5534A6BA-78D1-4076-AF4C-23F4F3E56B3A}.Debug|x64.Build.0 = Debug|x64
		{5534A6BA-78D1-4076-AF4C-23F4F3E56B3A}.Debug|x86.ActiveCfg = Debug|Win32
		{5534A6BA-78D1-4076-AF4C-23F4F3E56B3A}.Debug|x86.Build.0 = Debug|Win32
		{5534A6BA-78D1-4076-AF4C-23F4F3E56B3A}.Release|x64.ActiveCfg = Release|x64
		{5534A6BA-78D1-4076-AF4C-23F4F3E56B3A}.Release|x64.Build.0 = Release|x64
		{5534A6BA-78D1-4076-AF4C-23F4F3E56B3A}.Release|x86.ActiveCfg = Release|Win32
		{5534A6BA-78D1-4076-AF4C-23F4F3E56B3A}.Release|x86.Build.0 = Release|Win32
		{1003037E-8EF5-4C7A-8C06-54AB28402CA0}.Debug|x64.ActiveCfg = Debug|x64
		{1003037E-8EF5-4C7A-8C06-54AB28402CA0}.Debug|x64.Build.0 = Debug|x64
		{1003037E-8EF5-4C7A-8C06-54AB28402CA0}.Debug|x86.ActiveCfg = Debug|Win32
		{1003037E-8EF5-4C7A-8C06-54AB28402CA0}.Debug|x86.Build.0 = Debug|Win32
		{1003037E-8EF5-4C7A-8C06-54AB28402CA0}.Release|x64.ActiveCfg = Release|x64
		{1003037E-8EF5-4C7A-8C06-54AB28402CA0}.Release|x64.Build.0 = Release|x64
		{1003037E-8EF5-4C7A-8C06-54AB28402CA0}.Release|x86.ActiveCfg = Release|Win32
		{1003037E-8EF5-4C7A-8C06-54AB28402CA0}.Release|x86.Build.0 = Release|Win32
		{33102994-043C-4D3F-9501-9ADBAC45E6A0}.Debug|x64.ActiveCfg = Debug|x64
		{33102994-043C-4D3F-9501-9ADBAC45E6A0}.Debug|x64.Build.0 = Debug|x64
		{33102994-043C-4D3F-9501-9ADBAC45E6A0}.Debug|x86.ActiveCfg = Debug|Win32
		{33102994-043C-4D3F-9501-9ADBAC45E6A0}.Debug|x86.Build.0 = Debug|Win32
		{33102994-043C-4D3F-9501-9ADBAC45E6A0}.Release|x64.ActiveCfg = Release|x64
		{33102994-043C-4D3F-9501-9ADBAC45E6A0}.Release|x64.Build.0 = Release|x64
		{33102994-043C-4D3F-9501-9ADBAC45E6A0}.Release|x86.ActiveCfg = Release|Win32
		{33102994-043C-4D3F-9501-9ADBAC45E6A0}.Release|x86.Build.0 = Release|Win32
		{0E3BDDF2-39CD-4EA3-923C-07A514B1DBA9}.Debug|x64.ActiveCfg = Debug|x64
		{0E3BDDF2-39CD-4EA3-923C-07A514B1DBA9}.Debug|x64.Build.0 = Debug|x64
		{0E3BDDF2-39CD-4EA3-923C-07A514B1DBA9}.Debug|x86.ActiveCfg = Debug|Win32
		{0E3BDDF2-39CD-4EA3-923C-07A514B1DBA9}.Debug|x86.Build.0 = Debug|Win32
		{0E3BDDF2-39CD-4EA3-923C-07A514B1DBA9}.Release|x64.ActiveCfg = Release|x64
		{0E3BDDF2-39CD-4EA3-923C-07A514B1DBA9}.Release|x64.Build.0 = Release|x64
		{0E3BDDF2-39CD-4EA3-923C-07A514B1DBA9}.Release|x86.ActiveCfg = Release|Win32
		{0E3BDDF2-39CD-4EA3-923C-07A514B1DBA9}.Release|x86.Build.0 = Release|Win32
		{1C2BD911-5881-4D9D-ADDD-FF652C9B9646}.Debug|x64.ActiveCfg = Debug|x64
		{1C2BD911-5881-4D9D-ADDD-FF652C9B9646}.Debug|x64.Build.0 = Debug|x64
		{1C2BD911-5881-4D9D-ADDD-FF652C9B9646}.Debug|x86.ActiveCfg = Debug|Win32
		{1C2BD911-5881-4D9D-ADDD-FF652C9B9646}.Debug|x86.Build.0 = Debug|Win32
		{1C2BD911-5881-4D9D-ADDD-FF652C9B9646}.Release|x64.ActiveCfg = Release|x64
		{1C2BD911-5881-4D9D-ADDD-FF652C9B9646}.Release|x64.Build.0 = Release|x64
		{1C2BD911-5881-4D9D-ADDD-FF652C9B9646}.Release|x86.ActiveCfg = Release|Win32
		{1C2BD911-5881-4D9D-ADDD-FF652C9B9646}.Release|x86.Build.0 = Release|Win32
	EndGlobalSection
	GlobalSection(SolutionProperties) = preSolution
		HideSolutionNode = FALSE
	EndGlobalSection
	GlobalSection(ExtensibilityGlobals) = postSolution
		SolutionGuid = {B3448176-9E14-4D3B-B420-4B3D2F9FE2B0}
	EndGlobalSection
EndGlobal
